
Microsoft Visual Studio Solution File, Format Version 12.00
# Visual Studio Version 17
VisualStudioVersion = 17.0.31903.59
MinimumVisualStudioVersion = 10.0.40219.1
Project("{2150E333-8FDC-42A3-9474-1A3956D46DE8}") = "src", "src", "{827E0CD3-B72D-47B6-A68D-7590B98EB39B}"
EndProject
Project("{FAE04EC0-301F-11D3-BF4B-00C04F79EFBC}") = "CodeAnalyzer.Core", "src\CodeAnalyzer.Core\CodeAnalyzer.Core.csproj", "{F2CDB9C7-D7B5-4FBF-B059-290B4FED03AE}"
EndProject
Project("{FAE04EC0-301F-11D3-BF4B-00C04F79EFBC}") = "CodeAnalyzer.Parsing", "src\CodeAnalyzer.Parsing\CodeAnalyzer.Parsing.csproj", "{49DC8F82-345E-4E06-8BD8-60BA44D262E8}"
EndProject
Project("{FAE04EC0-301F-11D3-BF4B-00C04F79EFBC}") = "CodeAnalyzer.App", "src\CodeAnalyzer.App\CodeAnalyzer.App.csproj", "{9090032A-9A0C-4073-80BB-6B0DB9A043C5}"
EndProject
Project("{FAE04EC0-301F-11D3-BF4B-00C04F79EFBC}") = "CodeAnalyzer.Core.Tests", "tests\CodeAnalyzer.Core.Tests\CodeAnalyzer.Core.Tests.csproj", "{025ED7A3-5C30-4270-8087-DAACD10FAC29}"
EndProject
Project("{2150E333-8FDC-42A3-9474-1A3956D46DE8}") = "tests", "tests", "{0AB3BF05-4346-4AA6-1389-037BE0695223}"
EndProject
Project("{FAE04EC0-301F-11D3-BF4B-00C04F79EFBC}") = "CodeAnalyzer.Parsing.Tests", "tests\CodeAnalyzer.Parsing.Tests\CodeAnalyzer.Parsing.Tests.csproj", "{E8DA761A-1941-471C-9490-0B0F266514A4}"
EndProject
Project("{2150E333-8FDC-42A3-9474-1A3956D46DE8}") = "tools", "tools", "{07C2787E-EAC7-C090-1BA3-A61EC2A24D84}"
EndProject
Project("{FAE04EC0-301F-11D3-BF4B-00C04F79EFBC}") = "CodeAnalyzer.Bench", "tools\CodeAnalyzer.Bench\CodeAnalyzer.Bench.csproj", "{F199FE0F-8D11-4C65-8382-7E9FE58FE782}"
EndProject
Global
	GlobalSection(SolutionConfigurationPlatforms) = preSolution
		Debug|Any CPU = Debug|Any CPU
		Debug|x64 = Debug|x64
		Debug|x86 = Debug|x86
		Release|Any CPU = Release|Any CPU
		Release|x64 = Release|x64
		Release|x86 = Release|x86
	EndGlobalSection
	GlobalSection(ProjectConfigurationPlatforms) = postSolution
		{F2CDB9C7-D7B5-4FBF-B059-290B4FED03AE}.Debug|Any CPU.ActiveCfg = Debug|Any CPU
		{F2CDB9C7-D7B5-4FBF-B059-290B4FED03AE}.Debug|Any CPU.Build.0 = Debug|Any CPU
		{F2CDB9C7-D7B5-4FBF-B059-290B4FED03AE}.Debug|x64.ActiveCfg = Debug|Any CPU
		{F2CDB9C7-D7B5-4FBF-B059-290B4FED03AE}.Debug|x64.Build.0 = Debug|Any CPU
		{F2CDB9C7-D7B5-4FBF-B059-290B4FED03AE}.Debug|x86.ActiveCfg = Debug|Any CPU
		{F2CDB9C7-D7B5-4FBF-B059-290B4FED03AE}.Debug|x86.Build.0 = Debug|Any CPU
		{F2CDB9C7-D7B5-4FBF-B059-290B4FED03AE}.Release|Any CPU.ActiveCfg = Release|Any CPU
		{F2CDB9C7-D7B5-4FBF-B059-290B4FED03AE}.Release|Any CPU.Build.0 = Release|Any CPU
		{F2CDB9C7-D7B5-4FBF-B059-290B4FED03AE}.Release|x64.ActiveCfg = Release|Any CPU
		{F2CDB9C7-D7B5-4FBF-B059-290B4FED03AE}.Release|x64.Build.0 = Release|Any CPU
		{F2CDB9C7-D7B5-4FBF-B059-290B4FED03AE}.Release|x86.ActiveCfg = Release|Any CPU
		{F2CDB9C7-D7B5-4FBF-B059-290B4FED03AE}.Release|x86.Build.0 = Release|Any CPU
		{49DC8F82-345E-4E06-8BD8-60BA44D262E8}.Debug|Any CPU.ActiveCfg = Debug|Any CPU
		{49DC8F82-345E-4E06-8BD8-60BA44D262E8}.Debug|Any CPU.Build.0 = Debug|Any CPU
		{49DC8F82-345E-4E06-8BD8-60BA44D262E8}.Debug|x64.ActiveCfg = Debug|Any CPU
		{49DC8F82-345E-4E06-8BD8-60BA44D262E8}.Debug|x64.Build.0 = Debug|Any CPU
		{49DC8F82-345E-4E06-8BD8-60BA44D262E8}.Debug|x86.ActiveCfg = Debug|Any CPU
		{49DC8F82-345E-4E06-8BD8-60BA44D262E8}.Debug|x86.Build.0 = Debug|Any CPU
		{49DC8F82-345E-4E06-8BD8-60BA44D262E8}.Release|Any CPU.ActiveCfg = Release|Any CPU
		{49DC8F82-345E-4E06-8BD8-60BA44D262E8}.Release|Any CPU.Build.0 = Release|Any CPU
		{49DC8F82-345E-4E06-8BD8-60BA44D262E8}.Release|x64.ActiveCfg = Release|Any CPU
		{49DC8F82-345E-4E06-8BD8-60BA44D262E8}.Release|x64.Build.0 = Release|Any CPU
		{49DC8F82-345E-4E06-8BD8-60BA44D262E8}.Release|x86.ActiveCfg = Release|Any CPU
		{49DC8F82-345E-4E06-8BD8-60BA44D262E8}.Release|x86.Build.0 = Release|Any CPU
		{9090032A-9A0C-4073-80BB-6B0DB9A043C5}.Debug|Any CPU.ActiveCfg = Debug|Any CPU
		{9090032A-9A0C-4073-80BB-6B0DB9A043C5}.Debug|Any CPU.Build.0 = Debug|Any CPU
		{9090032A-9A0C-4073-80BB-6B0DB9A043C5}.Debug|x64.ActiveCfg = Debug|Any CPU
		{9090032A-9A0C-4073-80BB-6B0DB9A043C5}.Debug|x64.Build.0 = Debug|Any CPU
		{9090032A-9A0C-4073-80BB-6B0DB9A043C5}.Debug|x86.ActiveCfg = Debug|Any CPU
		{9090032A-9A0C-4073-80BB-6B0DB9A043C5}.Debug|x86.Build.0 = Debug|Any CPU
		{9090032A-9A0C-4073-80BB-6B0DB9A043C5}.Release|Any CPU.ActiveCfg = Release|Any CPU
		{9090032A-9A0C-4073-80BB-6B0DB9A043C5}.Release|Any CPU.Build.0 = Release|Any CPU
		{9090032A-9A0C-4073-80BB-6B0DB9A043C5}.Release|x64.ActiveCfg = Release|Any CPU
		{9090032A-9A0C-4073-80BB-6B0DB9A043C5}.Release|x64.Build.0 = Release|Any CPU
		{9090032A-9A0C-4073-80BB-6B0DB9A043C5}.Release|x86.ActiveCfg = Release|Any CPU
		{9090032A-9A0C-4073-80BB-6B0DB9A043C5}.Release|x86.Build.0 = Release|Any CPU
		{025ED7A3-5C30-4270-8087-DAACD10FAC29}.Debug|Any CPU.ActiveCfg = Debug|Any CPU
		{025ED7A3-5C30-4270-8087-DAACD10FAC29}.Debug|Any CPU.Build.0 = Debug|Any CPU
		{025ED7A3-5C30-4270-8087-DAACD10FAC29}.Debug|x64.ActiveCfg = Debug|Any CPU
		{025ED7A3-5C30-4270-8087-DAACD10FAC29}.Debug|x64.Build.0 = Debug|Any CPU
		{025ED7A3-5C30-4270-8087-DAACD10FAC29}.Debug|x86.ActiveCfg = Debug|Any CPU
		{025ED7A3-5C30-4270-8087-DAACD10FAC29}.Debug|x86.Build.0 = Debug|Any CPU
		{025ED7A3-5C30-4270-8087-DAACD10FAC29}.Release|Any CPU.ActiveCfg = Release|Any CPU
		{025ED7A3-5C30-4270-8087-DAACD10FAC29}.Release|Any CPU.Build.0 = Release|Any CPU
		{025ED7A3-5C30-4270-8087-DAACD10FAC29}.Release|x64.ActiveCfg = Release|Any CPU
		{025ED7A3-5C30-4270-8087-DAACD10FAC29}.Release|x64.Build.0 = Release|Any CPU
		{025ED7A3-5C30-4270-8087-DAACD10FAC29}.Release|x86.ActiveCfg = Release|Any CPU
		{025ED7A3-5C30-4270-8087-DAACD10FAC29}.Release|x86.Build.0 = Release|Any CPU
		{E8DA761A-1941-471C-9490-0B0F266514A4}.Debug|Any CPU.ActiveCfg = Debug|Any CPU
		{E8DA761A-1941-471C-9490-0B0F266514A4}.Debug|Any CPU.Build.0 = Debug|Any CPU
		{E8DA761A-1941-471C-9490-0B0F266514A4}.Debug|x64.ActiveCfg = Debug|Any CPU
		{E8DA761A-1941-471C-9490-0B0F266514A4}.Debug|x64.Build.0 = Debug|Any CPU
		{E8DA761A-1941-471C-9490-0B0F266514A4}.Debug|x86.ActiveCfg = Debug|Any CPU
		{E8DA761A-1941-471C-9490-0B0F266514A4}.Debug|x86.Build.0 = Debug|Any CPU
		{E8DA761A-1941-471C-9490-0B0F266514A4}.Release|Any CPU.ActiveCfg = Release|Any CPU
		{E8DA761A-1941-471C-9490-0B0F266514A4}.Release|Any CPU.Build.0 = Release|Any CPU
		{E8DA761A-1941-471C-9490-0B0F266514A4}.Release|x64.ActiveCfg = Release|Any CPU
		{E8DA761A-1941-471C-9490-0B0F266514A4}.Release|x64.Build.0 = Release|Any CPU
		{E8DA761A-1941-471C-9490-0B0F266514A4}.Release|x86.ActiveCfg = Release|Any CPU
		{E8DA761A-1941-471C-9490-0B0F266514A4}.Release|x86.Build.0 = Release|Any CPU
		{F199FE0F-8D11-4C65-8382-7E9FE58FE782}.Debug|Any CPU.ActiveCfg = Debug|Any CPU
		{F199FE0F-8D11-4C65-8382-7E9FE58FE782}.Debug|Any CPU.Build.0 = Debug|Any CPU
		{F199FE0F-8D11-4C65-8382-7E9FE58FE782}.Debug|x64.ActiveCfg = Debug|Any CPU
		{F199FE0F-8D11-4C65-8382-7E9FE58FE782}.Debug|x64.Build.0 = Debug|Any CPU
		{F199FE0F-8D11-4C65-8382-7E9FE58FE782}.Debug|x86.ActiveCfg = Debug|Any CPU
		{F199FE0F-8D11-4C65-8382-7E9FE58FE782}.Debug|x86.Build.0 = Debug|Any CPU
		{F199FE0F-8D11-4C65-8382-7E9FE58FE782}.Release|Any CPU.ActiveCfg = Release|Any CPU
		{F199FE0F-8D11-4C65-8382-7E9FE58FE782}.Release|Any CPU.Build.0 = Release|Any CPU
		{F199FE0F-8D11-4C65-8382-7E9FE58FE782}.Release|x64.ActiveCfg = Release|Any CPU
		{F199FE0F-8D11-4C65-8382-7E9FE58FE782}.Release|x64.Build.0 = Release|Any CPU
		{F199FE0F-8D11-4C65-8382-7E9FE58FE782}.Release|x86.ActiveCfg = Release|Any CPU
		{F199FE0F-8D11-4C65-8382-7E9FE58FE782}.Release|x86.Build.0 = Release|Any CPU
	EndGlobalSection
	GlobalSection(SolutionProperties) = preSolution
		HideSolutionNode = FALSE
	EndGlobalSection
	GlobalSection(NestedProjects) = preSolution
		{F2CDB9C7-D7B5-4FBF-B059-290B4FED03AE} = {827E0CD3-B72D-47B6-A68D-7590B98EB39B}
		{49DC8F82-345E-4E06-8BD8-60BA44D262E8} = {827E0CD3-B72D-47B6-A68D-7590B98EB39B}
		{9090032A-9A0C-4073-80BB-6B0DB9A043C5} = {827E0CD3-B72D-47B6-A68D-7590B98EB39B}
		{025ED7A3-5C30-4270-8087-DAACD10FAC29} = {827E0CD3-B72D-47B6-A68D-7590B98EB39B}
		{E8DA761A-1941-471C-9490-0B0F266514A4} = {0AB3BF05-4346-4AA6-1389-037BE0695223}
		{F199FE0F-8D11-4C65-8382-7E9FE58FE782} = {07C2787E-EAC7-C090-1BA3-A61EC2A24D84}
	EndGlobalSection
EndGlobal
